
Microsoft Visual Studio Solution File, Format Version 9.00
# Visual Studio 2005
Project("{FAE04EC0-301F-11D3-BF4B-00C04F79EFBC}") = "UnitTest", "UnitTest\UnitTest.csproj", "{05758BDC-0C54-478A-A788-9E879826F0A2}"
	ProjectSection(WebsiteProperties) = preProject
		Debug.AspNetCompiler.Debug = "True"
		Release.AspNetCompiler.Debug = "False"
	EndProjectSection
EndProject
Project("{FAE04EC0-301F-11D3-BF4B-00C04F79EFBC}") = "FunctionalTest", "FunctionalTest\FunctionalTest.csproj", "{92DF45CB-EA87-4E35-B57A-F9718B827551}"
	ProjectSection(WebsiteProperties) = preProject
		Debug.AspNetCompiler.Debug = "True"
		Release.AspNetCompiler.Debug = "False"
	EndProjectSection
EndProject
Project("{FAE04EC0-301F-11D3-BF4B-00C04F79EFBC}") = "Eft", "Eft\Eft.csproj", "{1B5AB4B5-E585-4AB0-B28D-AFFA2152DC54}"
	ProjectSection(WebsiteProperties) = preProject
		Debug.AspNetCompiler.Debug = "True"
		Release.AspNetCompiler.Debug = "False"
	EndProjectSection
EndProject
Project("{FAE04EC0-301F-11D3-BF4B-00C04F79EFBC}") = "Stub", "Stub\Stub.csproj", "{02B8B9E0-ED71-4425-A0C6-EFBAE2CFC50F}"
	ProjectSection(WebsiteProperties) = preProject
		Debug.AspNetCompiler.Debug = "True"
		Release.AspNetCompiler.Debug = "False"
	EndProjectSection
EndProject
Global
	GlobalSection(SolutionConfigurationPlatforms) = preSolution
		Debug|Any CPU = Debug|Any CPU
		Release|Any CPU = Release|Any CPU
	EndGlobalSection
	GlobalSection(ProjectConfigurationPlatforms) = postSolution
		{05758BDC-0C54-478A-A788-9E879826F0A2}.Debug|Any CPU.ActiveCfg = Debug|Any CPU
		{05758BDC-0C54-478A-A788-9E879826F0A2}.Debug|Any CPU.Build.0 = Debug|Any CPU
		{05758BDC-0C54-478A-A788-9E879826F0A2}.Release|Any CPU.ActiveCfg = Release|Any CPU
		{05758BDC-0C54-478A-A788-9E879826F0A2}.Release|Any CPU.Build.0 = Release|Any CPU
		{92DF45CB-EA87-4E35-B57A-F9718B827551}.Debug|Any CPU.ActiveCfg = Debug|Any CPU
		{92DF45CB-EA87-4E35-B57A-F9718B827551}.Debug|Any CPU.Build.0 = Debug|Any CPU
		{92DF45CB-EA87-4E35-B57A-F9718B827551}.Release|Any CPU.ActiveCfg = Release|Any CPU
		{92DF45CB-EA87-4E35-B57A-F9718B827551}.Release|Any CPU.Build.0 = Release|Any CPU
		{1B5AB4B5-E585-4AB0-B28D-AFFA2152DC54}.Debug|Any CPU.ActiveCfg = Debug|Any CPU
		{1B5AB4B5-E585-4AB0-B28D-AFFA2152DC54}.Debug|Any CPU.Build.0 = Debug|Any CPU
		{1B5AB4B5-E585-4AB0-B28D-AFFA2152DC54}.Release|Any CPU.ActiveCfg = Release|Any CPU
		{1B5AB4B5-E585-4AB0-B28D-AFFA2152DC54}.Release|Any CPU.Build.0 = Release|Any CPU
		{02B8B9E0-ED71-4425-A0C6-EFBAE2CFC50F}.Debug|Any CPU.ActiveCfg = Debug|Any CPU
		{02B8B9E0-ED71-4425-A0C6-EFBAE2CFC50F}.Debug|Any CPU.Build.0 = Debug|Any CPU
		{02B8B9E0-ED71-4425-A0C6-EFBAE2CFC50F}.Release|Any CPU.ActiveCfg = Release|Any CPU
		{02B8B9E0-ED71-4425-A0C6-EFBAE2CFC50F}.Release|Any CPU.Build.0 = Release|Any CPU
	EndGlobalSection
	GlobalSection(SolutionProperties) = preSolution
		HideSolutionNode = FALSE
	EndGlobalSection
EndGlobal
